// !$*UTF8*$!
{
	archiveVersion = 1;
	classes = {
	};
	objectVersion = 46;
	objects = {

/* Begin PBXBuildFile section */
		CF1FD83F1D5839550096B14F /* main.m in Sources */ = {isa = PBXBuildFile; fileRef = CF1FD83E1D5839550096B14F /* main.m */; };
		CF1FD8421D5839550096B14F /* AppDelegate.m in Sources */ = {isa = PBXBuildFile; fileRef = CF1FD8411D5839550096B14F /* AppDelegate.m */; };
		CF1FD8451D5839550096B14F /* ViewController.m in Sources */ = {isa = PBXBuildFile; fileRef = CF1FD8441D5839550096B14F /* ViewController.m */; };
		CF1FD8481D5839550096B14F /* Main.storyboard in Resources */ = {isa = PBXBuildFile; fileRef = CF1FD8461D5839550096B14F /* Main.storyboard */; };
		CF1FD84B1D5839550096B14F /* BlueToothHandRingProject.xcdatamodeld in Sources */ = {isa = PBXBuildFile; fileRef = CF1FD8491D5839550096B14F /* BlueToothHandRingProject.xcdatamodeld */; };
		CF1FD84D1D5839550096B14F /* Assets.xcassets in Resources */ = {isa = PBXBuildFile; fileRef = CF1FD84C1D5839550096B14F /* Assets.xcassets */; };
		CF1FD8501D5839550096B14F /* LaunchScreen.storyboard in Resources */ = {isa = PBXBuildFile; fileRef = CF1FD84E1D5839550096B14F /* LaunchScreen.storyboard */; };
		CF79F7C21D60C70E0003EBA6 /* AFHTTPRequestOperation.m in Sources */ = {isa = PBXBuildFile; fileRef = CF79F7B01D60C70E0003EBA6 /* AFHTTPRequestOperation.m */; };
		CF79F7C31D60C70E0003EBA6 /* AFHTTPRequestOperationManager.m in Sources */ = {isa = PBXBuildFile; fileRef = CF79F7B21D60C70E0003EBA6 /* AFHTTPRequestOperationManager.m */; };
		CF79F7C41D60C70E0003EBA6 /* AFHTTPSessionManager.m in Sources */ = {isa = PBXBuildFile; fileRef = CF79F7B41D60C70E0003EBA6 /* AFHTTPSessionManager.m */; };
		CF79F7C51D60C70E0003EBA6 /* AFNetworkReachabilityManager.m in Sources */ = {isa = PBXBuildFile; fileRef = CF79F7B71D60C70E0003EBA6 /* AFNetworkReachabilityManager.m */; };
		CF79F7C61D60C70E0003EBA6 /* AFSecurityPolicy.m in Sources */ = {isa = PBXBuildFile; fileRef = CF79F7B91D60C70E0003EBA6 /* AFSecurityPolicy.m */; };
		CF79F7C71D60C70E0003EBA6 /* AFURLConnectionOperation.m in Sources */ = {isa = PBXBuildFile; fileRef = CF79F7BB1D60C70E0003EBA6 /* AFURLConnectionOperation.m */; };
		CF79F7C81D60C70E0003EBA6 /* AFURLRequestSerialization.m in Sources */ = {isa = PBXBuildFile; fileRef = CF79F7BD1D60C70E0003EBA6 /* AFURLRequestSerialization.m */; };
		CF79F7C91D60C70E0003EBA6 /* AFURLResponseSerialization.m in Sources */ = {isa = PBXBuildFile; fileRef = CF79F7BF1D60C70E0003EBA6 /* AFURLResponseSerialization.m */; };
		CF79F7CA1D60C70E0003EBA6 /* AFURLSessionManager.m in Sources */ = {isa = PBXBuildFile; fileRef = CF79F7C11D60C70E0003EBA6 /* AFURLSessionManager.m */; };
/* End PBXBuildFile section */

/* Begin PBXFileReference section */
		CF1FD83A1D5839550096B14F /* BlueToothHandRingProject.app */ = {isa = PBXFileReference; explicitFileType = wrapper.application; includeInIndex = 0; path = BlueToothHandRingProject.app; sourceTree = BUILT_PRODUCTS_DIR; };
		CF1FD83E1D5839550096B14F /* main.m */ = {isa = PBXFileReference; lastKnownFileType = sourcecode.c.objc; path = main.m; sourceTree = "<group>"; };
		CF1FD8401D5839550096B14F /* AppDelegate.h */ = {isa = PBXFileReference; lastKnownFileType = sourcecode.c.h; path = AppDelegate.h; sourceTree = "<group>"; };
		CF1FD8411D5839550096B14F /* AppDelegate.m */ = {isa = PBXFileReference; lastKnownFileType = sourcecode.c.objc; path = AppDelegate.m; sourceTree = "<group>"; };
		CF1FD8431D5839550096B14F /* ViewController.h */ = {isa = PBXFileReference; lastKnownFileType = sourcecode.c.h; path = ViewController.h; sourceTree = "<group>"; };
		CF1FD8441D5839550096B14F /* ViewController.m */ = {isa = PBXFileReference; lastKnownFileType = sourcecode.c.objc; path = ViewController.m; sourceTree = "<group>"; };
		CF1FD8471D5839550096B14F /* Base */ = {isa = PBXFileReference; lastKnownFileType = file.storyboard; name = Base; path = Base.lproj/Main.storyboard; sourceTree = "<group>"; };
		CF1FD84A1D5839550096B14F /* BlueToothHandRingProject.xcdatamodel */ = {isa = PBXFileReference; lastKnownFileType = wrapper.xcdatamodel; path = BlueToothHandRingProject.xcdatamodel; sourceTree = "<group>"; };
		CF1FD84C1D5839550096B14F /* Assets.xcassets */ = {isa = PBXFileReference; lastKnownFileType = folder.assetcatalog; path = Assets.xcassets; sourceTree = "<group>"; };
		CF1FD84F1D5839550096B14F /* Base */ = {isa = PBXFileReference; lastKnownFileType = file.storyboard; name = Base; path = Base.lproj/LaunchScreen.storyboard; sourceTree = "<group>"; };
		CF1FD8511D5839550096B14F /* Info.plist */ = {isa = PBXFileReference; lastKnownFileType = text.plist.xml; path = Info.plist; sourceTree = "<group>"; };
		CF79F7AF1D60C70E0003EBA6 /* AFHTTPRequestOperation.h */ = {isa = PBXFileReference; fileEncoding = 4; lastKnownFileType = sourcecode.c.h; path = AFHTTPRequestOperation.h; sourceTree = "<group>"; };
		CF79F7B01D60C70E0003EBA6 /* AFHTTPRequestOperation.m */ = {isa = PBXFileReference; fileEncoding = 4; lastKnownFileType = sourcecode.c.objc; path = AFHTTPRequestOperation.m; sourceTree = "<group>"; };
		CF79F7B11D60C70E0003EBA6 /* AFHTTPRequestOperationManager.h */ = {isa = PBXFileReference; fileEncoding = 4; lastKnownFileType = sourcecode.c.h; path = AFHTTPRequestOperationManager.h; sourceTree = "<group>"; };
		CF79F7B21D60C70E0003EBA6 /* AFHTTPRequestOperationManager.m */ = {isa = PBXFileReference; fileEncoding = 4; lastKnownFileType = sourcecode.c.objc; path = AFHTTPRequestOperationManager.m; sourceTree = "<group>"; };
		CF79F7B31D60C70E0003EBA6 /* AFHTTPSessionManager.h */ = {isa = PBXFileReference; fileEncoding = 4; lastKnownFileType = sourcecode.c.h; path = AFHTTPSessionManager.h; sourceTree = "<group>"; };
		CF79F7B41D60C70E0003EBA6 /* AFHTTPSessionManager.m */ = {isa = PBXFileReference; fileEncoding = 4; lastKnownFileType = sourcecode.c.objc; path = AFHTTPSessionManager.m; sourceTree = "<group>"; };
		CF79F7B51D60C70E0003EBA6 /* AFNetworking.h */ = {isa = PBXFileReference; fileEncoding = 4; lastKnownFileType = sourcecode.c.h; path = AFNetworking.h; sourceTree = "<group>"; };
		CF79F7B61D60C70E0003EBA6 /* AFNetworkReachabilityManager.h */ = {isa = PBXFileReference; fileEncoding = 4; lastKnownFileType = sourcecode.c.h; path = AFNetworkReachabilityManager.h; sourceTree = "<group>"; };
		CF79F7B71D60C70E0003EBA6 /* AFNetworkReachabilityManager.m */ = {isa = PBXFileReference; fileEncoding = 4; lastKnownFileType = sourcecode.c.objc; path = AFNetworkReachabilityManager.m; sourceTree = "<group>"; };
		CF79F7B81D60C70E0003EBA6 /* AFSecurityPolicy.h */ = {isa = PBXFileReference; fileEncoding = 4; lastKnownFileType = sourcecode.c.h; path = AFSecurityPolicy.h; sourceTree = "<group>"; };
		CF79F7B91D60C70E0003EBA6 /* AFSecurityPolicy.m */ = {isa = PBXFileReference; fileEncoding = 4; lastKnownFileType = sourcecode.c.objc; path = AFSecurityPolicy.m; sourceTree = "<group>"; };
		CF79F7BA1D60C70E0003EBA6 /* AFURLConnectionOperation.h */ = {isa = PBXFileReference; fileEncoding = 4; lastKnownFileType = sourcecode.c.h; path = AFURLConnectionOperation.h; sourceTree = "<group>"; };
		CF79F7BB1D60C70E0003EBA6 /* AFURLConnectionOperation.m */ = {isa = PBXFileReference; fileEncoding = 4; lastKnownFileType = sourcecode.c.objc; path = AFURLConnectionOperation.m; sourceTree = "<group>"; };
		CF79F7BC1D60C70E0003EBA6 /* AFURLRequestSerialization.h */ = {isa = PBXFileReference; fileEncoding = 4; lastKnownFileType = sourcecode.c.h; path = AFURLRequestSerialization.h; sourceTree = "<group>"; };
		CF79F7BD1D60C70E0003EBA6 /* AFURLRequestSerialization.m */ = {isa = PBXFileReference; fileEncoding = 4; lastKnownFileType = sourcecode.c.objc; path = AFURLRequestSerialization.m; sourceTree = "<group>"; };
		CF79F7BE1D60C70E0003EBA6 /* AFURLResponseSerialization.h */ = {isa = PBXFileReference; fileEncoding = 4; lastKnownFileType = sourcecode.c.h; path = AFURLResponseSerialization.h; sourceTree = "<group>"; };
		CF79F7BF1D60C70E0003EBA6 /* AFURLResponseSerialization.m */ = {isa = PBXFileReference; fileEncoding = 4; lastKnownFileType = sourcecode.c.objc; path = AFURLResponseSerialization.m; sourceTree = "<group>"; };
		CF79F7C01D60C70E0003EBA6 /* AFURLSessionManager.h */ = {isa = PBXFileReference; fileEncoding = 4; lastKnownFileType = sourcecode.c.h; path = AFURLSessionManager.h; sourceTree = "<group>"; };
		CF79F7C11D60C70E0003EBA6 /* AFURLSessionManager.m */ = {isa = PBXFileReference; fileEncoding = 4; lastKnownFileType = sourcecode.c.objc; path = AFURLSessionManager.m; sourceTree = "<group>"; };
/* End PBXFileReference section */

/* Begin PBXFrameworksBuildPhase section */
		CF1FD8371D5839550096B14F /* Frameworks */ = {
			isa = PBXFrameworksBuildPhase;
			buildActionMask = 2147483647;
			files = (
			);
			runOnlyForDeploymentPostprocessing = 0;
		};
/* End PBXFrameworksBuildPhase section */

/* Begin PBXGroup section */
		CF1FD8311D5839550096B14F = {
			isa = PBXGroup;
			children = (
				CF79F7AE1D60C70E0003EBA6 /* AFNetworking */,
				CF1FD83C1D5839550096B14F /* BlueToothHandRingProject */,
				CF1FD83B1D5839550096B14F /* Products */,
			);
			sourceTree = "<group>";
		};
		CF1FD83B1D5839550096B14F /* Products */ = {
			isa = PBXGroup;
			children = (
				CF1FD83A1D5839550096B14F /* BlueToothHandRingProject.app */,
			);
			name = Products;
			sourceTree = "<group>";
		};
		CF1FD83C1D5839550096B14F /* BlueToothHandRingProject */ = {
			isa = PBXGroup;
			children = (
				CF1FD8401D5839550096B14F /* AppDelegate.h */,
				CF1FD8411D5839550096B14F /* AppDelegate.m */,
				CF1FD8431D5839550096B14F /* ViewController.h */,
				CF1FD8441D5839550096B14F /* ViewController.m */,
				CF1FD8461D5839550096B14F /* Main.storyboard */,
				CF1FD84C1D5839550096B14F /* Assets.xcassets */,
				CF1FD84E1D5839550096B14F /* LaunchScreen.storyboard */,
				CF1FD8511D5839550096B14F /* Info.plist */,
				CF1FD8491D5839550096B14F /* BlueToothHandRingProject.xcdatamodeld */,
				CF1FD83D1D5839550096B14F /* Supporting Files */,
			);
			path = BlueToothHandRingProject;
			sourceTree = "<group>";
		};
		CF1FD83D1D5839550096B14F /* Supporting Files */ = {
			isa = PBXGroup;
			children = (
				CF1FD83E1D5839550096B14F /* main.m */,
			);
			name = "Supporting Files";
			sourceTree = "<group>";
		};
		CF79F7AE1D60C70E0003EBA6 /* AFNetworking */ = {
			isa = PBXGroup;
			children = (
				CF79F7AF1D60C70E0003EBA6 /* AFHTTPRequestOperation.h */,
				CF79F7B01D60C70E0003EBA6 /* AFHTTPRequestOperation.m */,
				CF79F7B11D60C70E0003EBA6 /* AFHTTPRequestOperationManager.h */,
				CF79F7B21D60C70E0003EBA6 /* AFHTTPRequestOperationManager.m */,
				CF79F7B31D60C70E0003EBA6 /* AFHTTPSessionManager.h */,
				CF79F7B41D60C70E0003EBA6 /* AFHTTPSessionManager.m */,
				CF79F7B51D60C70E0003EBA6 /* AFNetworking.h */,
				CF79F7B61D60C70E0003EBA6 /* AFNetworkReachabilityManager.h */,
				CF79F7B71D60C70E0003EBA6 /* AFNetworkReachabilityManager.m */,
				CF79F7B81D60C70E0003EBA6 /* AFSecurityPolicy.h */,
				CF79F7B91D60C70E0003EBA6 /* AFSecurityPolicy.m */,
				CF79F7BA1D60C70E0003EBA6 /* AFURLConnectionOperation.h */,
				CF79F7BB1D60C70E0003EBA6 /* AFURLConnectionOperation.m */,
				CF79F7BC1D60C70E0003EBA6 /* AFURLRequestSerialization.h */,
				CF79F7BD1D60C70E0003EBA6 /* AFURLRequestSerialization.m */,
				CF79F7BE1D60C70E0003EBA6 /* AFURLResponseSerialization.h */,
				CF79F7BF1D60C70E0003EBA6 /* AFURLResponseSerialization.m */,
				CF79F7C01D60C70E0003EBA6 /* AFURLSessionManager.h */,
				CF79F7C11D60C70E0003EBA6 /* AFURLSessionManager.m */,
			);
			path = AFNetworking;
			sourceTree = "<group>";
		};
/* End PBXGroup section */

/* Begin PBXNativeTarget section */
		CF1FD8391D5839550096B14F /* BlueToothHandRingProject */ = {
			isa = PBXNativeTarget;
			buildConfigurationList = CF1FD8541D5839550096B14F /* Build configuration list for PBXNativeTarget "BlueToothHandRingProject" */;
			buildPhases = (
				CF1FD8361D5839550096B14F /* Sources */,
				CF1FD8371D5839550096B14F /* Frameworks */,
				CF1FD8381D5839550096B14F /* Resources */,
			);
			buildRules = (
			);
			dependencies = (
			);
			name = BlueToothHandRingProject;
			productName = BlueToothHandRingProject;
			productReference = CF1FD83A1D5839550096B14F /* BlueToothHandRingProject.app */;
			productType = "com.apple.product-type.application";
		};
/* End PBXNativeTarget section */

/* Begin PBXProject section */
		CF1FD8321D5839550096B14F /* Project object */ = {
			isa = PBXProject;
			attributes = {
				LastUpgradeCheck = 0730;
				ORGANIZATIONNAME = "汤宝铮";
				TargetAttributes = {
					CF1FD8391D5839550096B14F = {
						CreatedOnToolsVersion = 7.3.1;
					};
				};
			};
			buildConfigurationList = CF1FD8351D5839550096B14F /* Build configuration list for PBXProject "BlueToothHandRingProject" */;
			compatibilityVersion = "Xcode 3.2";
			developmentRegion = English;
			hasScannedForEncodings = 0;
			knownRegions = (
				en,
				Base,
			);
			mainGroup = CF1FD8311D5839550096B14F;
			productRefGroup = CF1FD83B1D5839550096B14F /* Products */;
			projectDirPath = "";
			projectRoot = "";
			targets = (
				CF1FD8391D5839550096B14F /* BlueToothHandRingProject */,
			);
		};
/* End PBXProject section */

/* Begin PBXResourcesBuildPhase section */
		CF1FD8381D5839550096B14F /* Resources */ = {
			isa = PBXResourcesBuildPhase;
			buildActionMask = 2147483647;
			files = (
				CF1FD8501D5839550096B14F /* LaunchScreen.storyboard in Resources */,
				CF1FD84D1D5839550096B14F /* Assets.xcassets in Resources */,
				CF1FD8481D5839550096B14F /* Main.storyboard in Resources */,
			);
			runOnlyForDeploymentPostprocessing = 0;
		};
/* End PBXResourcesBuildPhase section */

/* Begin PBXSourcesBuildPhase section */
		CF1FD8361D5839550096B14F /* Sources */ = {
			isa = PBXSourcesBuildPhase;
			buildActionMask = 2147483647;
			files = (
				CF1FD8451D5839550096B14F /* ViewController.m in Sources */,
				CF79F7C61D60C70E0003EBA6 /* AFSecurityPolicy.m in Sources */,
				CF1FD84B1D5839550096B14F /* BlueToothHandRingProject.xcdatamodeld in Sources */,
				CF79F7C31D60C70E0003EBA6 /* AFHTTPRequestOperationManager.m in Sources */,
				CF79F7C71D60C70E0003EBA6 /* AFURLConnectionOperation.m in Sources */,
				CF79F7C21D60C70E0003EBA6 /* AFHTTPRequestOperation.m in Sources */,
				CF1FD8421D5839550096B14F /* AppDelegate.m in Sources */,
				CF79F7C81D60C70E0003EBA6 /* AFURLRequestSerialization.m in Sources */,
				CF79F7C41D60C70E0003EBA6 /* AFHTTPSessionManager.m in Sources */,
				CF79F7C51D60C70E0003EBA6 /* AFNetworkReachabilityManager.m in Sources */,
				CF79F7C91D60C70E0003EBA6 /* AFURLResponseSerialization.m in Sources */,
				CF79F7CA1D60C70E0003EBA6 /* AFURLSessionManager.m in Sources */,
				CF1FD83F1D5839550096B14F /* main.m in Sources */,
			);
			runOnlyForDeploymentPostprocessing = 0;
		};
/* End PBXSourcesBuildPhase section */

/* Begin PBXVariantGroup section */
		CF1FD8461D5839550096B14F /* Main.storyboard */ = {
			isa = PBXVariantGroup;
			children = (
				CF1FD8471D5839550096B14F /* Base */,
			);
			name = Main.storyboard;
			sourceTree = "<group>";
		};
		CF1FD84E1D5839550096B14F /* LaunchScreen.storyboard */ = {
			isa = PBXVariantGroup;
			children = (
				CF1FD84F1D5839550096B14F /* Base */,
			);
			name = LaunchScreen.storyboard;
			sourceTree = "<group>";
		};
/* End PBXVariantGroup section */

/* Begin XCBuildConfiguration section */
		CF1FD8521D5839550096B14F /* Debug */ = {
			isa = XCBuildConfiguration;
			buildSettings = {
				ALWAYS_SEARCH_USER_PATHS = NO;
				CLANG_ANALYZER_NONNULL = YES;
				CLANG_CXX_LANGUAGE_STANDARD = "gnu++0x";
				CLANG_CXX_LIBRARY = "libc++";
				CLANG_ENABLE_MODULES = YES;
				CLANG_ENABLE_OBJC_ARC = YES;
				CLANG_WARN_BOOL_CONVERSION = YES;
				CLANG_WARN_CONSTANT_CONVERSION = YES;
				CLANG_WARN_DIRECT_OBJC_ISA_USAGE = YES_ERROR;
				CLANG_WARN_EMPTY_BODY = YES;
				CLANG_WARN_ENUM_CONVERSION = YES;
				CLANG_WARN_INT_CONVERSION = YES;
				CLANG_WARN_OBJC_ROOT_CLASS = YES_ERROR;
				CLANG_WARN_UNREACHABLE_CODE = YES;
				CLANG_WARN__DUPLICATE_METHOD_MATCH = YES;
				"CODE_SIGN_IDENTITY[sdk=iphoneos*]" = "iPhone Developer";
				COPY_PHASE_STRIP = NO;
				DEBUG_INFORMATION_FORMAT = dwarf;
				ENABLE_STRICT_OBJC_MSGSEND = YES;
				ENABLE_TESTABILITY = YES;
				GCC_C_LANGUAGE_STANDARD = gnu99;
				GCC_DYNAMIC_NO_PIC = NO;
				GCC_NO_COMMON_BLOCKS = YES;
				GCC_OPTIMIZATION_LEVEL = 0;
				GCC_PREPROCESSOR_DEFINITIONS = (
					"DEBUG=1",
					"$(inherited)",
				);
				GCC_WARN_64_TO_32_BIT_CONVERSION = YES;
				GCC_WARN_ABOUT_RETURN_TYPE = YES_ERROR;
				GCC_WARN_UNDECLARED_SELECTOR = YES;
				GCC_WARN_UNINITIALIZED_AUTOS = YES_AGGRESSIVE;
				GCC_WARN_UNUSED_FUNCTION = YES;
				GCC_WARN_UNUSED_VARIABLE = YES;
				IPHONEOS_DEPLOYMENT_TARGET = 9.3;
				MTL_ENABLE_DEBUG_INFO = YES;
				ONLY_ACTIVE_ARCH = YES;
				SDKROOT = iphoneos;
			};
			name = Debug;
		};
		CF1FD8531D5839550096B14F /* Release */ = {
			isa = XCBuildConfiguration;
			buildSettings = {
				ALWAYS_SEARCH_USER_PATHS = NO;
				CLANG_ANALYZER_NONNULL = YES;
				CLANG_CXX_LANGUAGE_STANDARD = "gnu++0x";
				CLANG_CXX_LIBRARY = "libc++";
				CLANG_ENABLE_MODULES = YES;
				CLANG_ENABLE_OBJC_ARC = YES;
				CLANG_WARN_BOOL_CONVERSION = YES;
				CLANG_WARN_CONSTANT_CONVERSION = YES;
				CLANG_WARN_DIRECT_OBJC_ISA_USAGE = YES_ERROR;
				CLANG_WARN_EMPTY_BODY = YES;
				CLANG_WARN_ENUM_CONVERSION = YES;
				CLANG_WARN_INT_CONVERSION = YES;
				CLANG_WARN_OBJC_ROOT_CLASS = YES_ERROR;
				CLANG_WARN_UNREACHABLE_CODE = YES;
				CLANG_WARN__DUPLICATE_METHOD_MATCH = YES;
				"CODE_SIGN_IDENTITY[sdk=iphoneos*]" = "iPhone Developer";
				COPY_PHASE_STRIP = NO;
				DEBUG_INFORMATION_FORMAT = "dwarf-with-dsym";
				ENABLE_NS_ASSERTIONS = NO;
				ENABLE_STRICT_OBJC_MSGSEND = YES;
				GCC_C_LANGUAGE_STANDARD = gnu99;
				GCC_NO_COMMON_BLOCKS = YES;
				GCC_WARN_64_TO_32_BIT_CONVERSION = YES;
				GCC_WARN_ABOUT_RETURN_TYPE = YES_ERROR;
				GCC_WARN_UNDECLARED_SELECTOR = YES;
				GCC_WARN_UNINITIALIZED_AUTOS = YES_AGGRESSIVE;
				GCC_WARN_UNUSED_FUNCTION = YES;
				GCC_WARN_UNUSED_VARIABLE = YES;
				IPHONEOS_DEPLOYMENT_TARGET = 9.3;
				MTL_ENABLE_DEBUG_INFO = NO;
				SDKROOT = iphoneos;
				VALIDATE_PRODUCT = YES;
			};
			name = Release;
		};
		CF1FD8551D5839550096B14F /* Debug */ = {
			isa = XCBuildConfiguration;
			buildSettings = {
				ASSETCATALOG_COMPILER_APPICON_NAME = AppIcon;
				INFOPLIST_FILE = BlueToothHandRingProject/Info.plist;
				LD_RUNPATH_SEARCH_PATHS = "$(inherited) @executable_path/Frameworks";
				PRODUCT_BUNDLE_IDENTIFIER = com.tangbaozheng.test.BlueToothHandRingProject;
				PRODUCT_NAME = "$(TARGET_NAME)";
			};
			name = Debug;
		};
		CF1FD8561D5839550096B14F /* Release */ = {
			isa = XCBuildConfiguration;
			buildSettings = {
				ASSETCATALOG_COMPILER_APPICON_NAME = AppIcon;
				INFOPLIST_FILE = BlueToothHandRingProject/Info.plist;
				LD_RUNPATH_SEARCH_PATHS = "$(inherited) @executable_path/Frameworks";
				PRODUCT_BUNDLE_IDENTIFIER = com.tangbaozheng.test.BlueToothHandRingProject;
				PRODUCT_NAME = "$(TARGET_NAME)";
			};
			name = Release;
		};
/* End XCBuildConfiguration section */

/* Begin XCConfigurationList section */
		CF1FD8351D5839550096B14F /* Build configuration list for PBXProject "BlueToothHandRingProject" */ = {
			isa = XCConfigurationList;
			buildConfigurations = (
				CF1FD8521D5839550096B14F /* Debug */,
				CF1FD8531D5839550096B14F /* Release */,
			);
			defaultConfigurationIsVisible = 0;
			defaultConfigurationName = Release;
		};
		CF1FD8541D5839550096B14F /* Build configuration list for PBXNativeTarget "BlueToothHandRingProject" */ = {
			isa = XCConfigurationList;
			buildConfigurations = (
				CF1FD8551D5839550096B14F /* Debug */,
				CF1FD8561D5839550096B14F /* Release */,
			);
			defaultConfigurationIsVisible = 0;
			defaultConfigurationName = Release;
		};
/* End XCConfigurationList section */

/* Begin XCVersionGroup section */
		CF1FD8491D5839550096B14F /* BlueToothHandRingProject.xcdatamodeld */ = {
			isa = XCVersionGroup;
			children = (
				CF1FD84A1D5839550096B14F /* BlueToothHandRingProject.xcdatamodel */,
			);
			currentVersion = CF1FD84A1D5839550096B14F /* BlueToothHandRingProject.xcdatamodel */;
			path = BlueToothHandRingProject.xcdatamodeld;
			sourceTree = "<group>";
			versionGroupType = wrapper.xcdatamodel;
		};
/* End XCVersionGroup section */
	};
	rootObject = CF1FD8321D5839550096B14F /* Project object */;
}
